
Microsoft Visual Studio Solution File, Format Version 12.00
Project("{FAE04EC0-301F-11D3-BF4B-00C04F79EFBC}") = "CORE", "..\CORE\CORE.csproj", "{AABD7DA7-120B-4625-A3AC-1005D9D3D386}"
EndProject
Project("{FAE04EC0-301F-11D3-BF4B-00C04F79EFBC}") = "Locations.APP", "Locations.APP\Locations.APP.csproj", "{67C6573C-B17C-4386-A3BD-A7FC04C29751}"
EndProject
Project("{FAE04EC0-301F-11D3-BF4B-00C04F79EFBC}") = "Locations.API", "Locations.API\Locations.API.csproj", "{9EFF335E-FEAE-4F23-92D6-E55D69735021}"
EndProject
Global
	GlobalSection(SolutionConfigurationPlatforms) = preSolution
		Debug|Any CPU = Debug|Any CPU
		Release|Any CPU = Release|Any CPU
	EndGlobalSection
	GlobalSection(ProjectConfigurationPlatforms) = postSolution
		{AABD7DA7-120B-4625-A3AC-1005D9D3D386}.Debug|Any CPU.ActiveCfg = Debug|Any CPU
		{AABD7DA7-120B-4625-A3AC-1005D9D3D386}.Debug|Any CPU.Build.0 = Debug|Any CPU
		{AABD7DA7-120B-4625-A3AC-1005D9D3D386}.Release|Any CPU.ActiveCfg = Release|Any CPU
		{AABD7DA7-120B-4625-A3AC-1005D9D3D386}.Release|Any CPU.Build.0 = Release|Any CPU
		{67C6573C-B17C-4386-A3BD-A7FC04C29751}.Debug|Any CPU.ActiveCfg = Debug|Any CPU
		{67C6573C-B17C-4386-A3BD-A7FC04C29751}.Debug|Any CPU.Build.0 = Debug|Any CPU
		{67C6573C-B17C-4386-A3BD-A7FC04C29751}.Release|Any CPU.ActiveCfg = Release|Any CPU
		{67C6573C-B17C-4386-A3BD-A7FC04C29751}.Release|Any CPU.Build.0 = Release|Any CPU
		{9EFF335E-FEAE-4F23-92D6-E55D69735021}.Debug|Any CPU.ActiveCfg = Debug|Any CPU
		{9EFF335E-FEAE-4F23-92D6-E55D69735021}.Debug|Any CPU.Build.0 = Debug|Any CPU
		{9EFF335E-FEAE-4F23-92D6-E55D69735021}.Release|Any CPU.ActiveCfg = Release|Any CPU
		{9EFF335E-FEAE-4F23-92D6-E55D69735021}.Release|Any CPU.Build.0 = Release|Any CPU
	EndGlobalSection
EndGlobal
